{
  "name": "ruinarypackage",
  "version": "1.0.1",
  "lockfileVersion": 2,
  "requires": true,
  "packages": {
    "": {
      "name": "ruinarypackage",
      "version": "1.0.1",
      "license": "ISC",
      "dependencies": {
        "nodemailer": "^6.7.7"
      },
      "devDependencies": {}
    },
    "node_modules/nodemailer": {
      "version": "6.7.7",
      "license": "MIT",
      "engines": {
        "node": ">=6.0.0"
      }
    }
  },
  "dependencies": {
    "nodemailer": {
      "version": "6.7.7"
    }
  }
}
